
Microsoft Visual Studio Solution File, Format Version 12.00
# Visual Studio Version 17
VisualStudioVersion = 17.7.34202.233
MinimumVisualStudioVersion = 10.0.40219.1
Project("{FAE04EC0-301F-11D3-BF4B-00C04F79EFBC}") = "sınıfı geçti kaldı", "sınıfı geçti kaldı\sınıfı geçti kaldı.csproj", "{0EF8574D-4C6F-48F1-A833-3969859102B5}"
EndProject
Global
	GlobalSection(SolutionConfigurationPlatforms) = preSolution
		Debug|Any CPU = Debug|Any CPU
		Release|Any CPU = Release|Any CPU
	EndGlobalSection
	GlobalSection(ProjectConfigurationPlatforms) = postSolution
		{0EF8574D-4C6F-48F1-A833-3969859102B5}.Debug|Any CPU.ActiveCfg = Debug|Any CPU
		{0EF8574D-4C6F-48F1-A833-3969859102B5}.Debug|Any CPU.Build.0 = Debug|Any CPU
		{0EF8574D-4C6F-48F1-A833-3969859102B5}.Release|Any CPU.ActiveCfg = Release|Any CPU
		{0EF8574D-4C6F-48F1-A833-3969859102B5}.Release|Any CPU.Build.0 = Release|Any CPU
	EndGlobalSection
	GlobalSection(SolutionProperties) = preSolution
		HideSolutionNode = FALSE
	EndGlobalSection
	GlobalSection(ExtensibilityGlobals) = postSolution
		SolutionGuid = {AA267150-F979-45DB-B0DC-91DD65FEF5F0}
	EndGlobalSection
EndGlobal
